
Microsoft Visual Studio Solution File, Format Version 12.00
# Visual Studio Version 17
VisualStudioVersion = 17.8.34330.188
MinimumVisualStudioVersion = 10.0.40219.1
Project("{F184B08F-C81C-45F6-A57F-5ABD9991F28F}") = "Area of a circle", "Area of a circle.vbproj", "{C11B8633-03D3-4E4B-B7AB-8C86F01CB334}"
EndProject
Global
	GlobalSection(SolutionConfigurationPlatforms) = preSolution
		Debug|Any CPU = Debug|Any CPU
		Release|Any CPU = Release|Any CPU
	EndGlobalSection
	GlobalSection(ProjectConfigurationPlatforms) = postSolution
		{C11B8633-03D3-4E4B-B7AB-8C86F01CB334}.Debug|Any CPU.ActiveCfg = Debug|Any CPU
		{C11B8633-03D3-4E4B-B7AB-8C86F01CB334}.Debug|Any CPU.Build.0 = Debug|Any CPU
		{C11B8633-03D3-4E4B-B7AB-8C86F01CB334}.Release|Any CPU.ActiveCfg = Release|Any CPU
		{C11B8633-03D3-4E4B-B7AB-8C86F01CB334}.Release|Any CPU.Build.0 = Release|Any CPU
	EndGlobalSection
	GlobalSection(SolutionProperties) = preSolution
		HideSolutionNode = FALSE
	EndGlobalSection
	GlobalSection(ExtensibilityGlobals) = postSolution
		SolutionGuid = {29FE08C4-3F7B-42CC-AD5C-7947EE64A7E6}
	EndGlobalSection
EndGlobal
